
Microsoft Visual Studio Solution File, Format Version 12.00
# Visual Studio Version 17
VisualStudioVersion = 17.5.33627.172
MinimumVisualStudioVersion = 10.0.40219.1
Project("{FAE04EC0-301F-11D3-BF4B-00C04F79EFBC}") = "ConsumirServicioRest", "ConsumirServicioRest\ConsumirServicioRest.csproj", "{F4B42F1C-6030-41BA-806E-BF81EBB7F4E2}"
EndProject
Global
	GlobalSection(SolutionConfigurationPlatforms) = preSolution
		Debug|Any CPU = Debug|Any CPU
		Release|Any CPU = Release|Any CPU
	EndGlobalSection
	GlobalSection(ProjectConfigurationPlatforms) = postSolution
		{F4B42F1C-6030-41BA-806E-BF81EBB7F4E2}.Debug|Any CPU.ActiveCfg = Debug|Any CPU
		{F4B42F1C-6030-41BA-806E-BF81EBB7F4E2}.Debug|Any CPU.Build.0 = Debug|Any CPU
		{F4B42F1C-6030-41BA-806E-BF81EBB7F4E2}.Release|Any CPU.ActiveCfg = Release|Any CPU
		{F4B42F1C-6030-41BA-806E-BF81EBB7F4E2}.Release|Any CPU.Build.0 = Release|Any CPU
	EndGlobalSection
	GlobalSection(SolutionProperties) = preSolution
		HideSolutionNode = FALSE
	EndGlobalSection
	GlobalSection(ExtensibilityGlobals) = postSolution
		SolutionGuid = {39549B61-80DD-4AEA-AA74-9A6A08D3518F}
	EndGlobalSection
EndGlobal
